# This file is automatically @generated by Cargo.
# It is not intended for manual editing.
version = 3

[[package]]
name = "NetApi_Client"
version = "0.1.0"
dependencies = [
 "structure",
]

[[package]]
name = "byteorder"
version = "1.5.0"
source = "registry+https://github.com/rust-lang/crates.io-index"
checksum = "1fd0f2584146f6f2ef48085050886acf353beff7305ebd1ae69500e27c67f64b"

[[package]]
name = "proc-macro-hack"
version = "0.4.3"
source = "registry+https://github.com/rust-lang/crates.io-index"
checksum = "d7f95648580798cc44ff8efb9bb0d7ee5205ea32e087b31b0732f3e8c2648ee2"
dependencies = [
 "proc-macro-hack-impl",
]

[[package]]
name = "proc-macro-hack-impl"
version = "0.4.3"
source = "registry+https://github.com/rust-lang/crates.io-index"
checksum = "7be55bf0ae1635f4d7c7ddd6efc05c631e98a82104a73d35550bbc52db960027"

[[package]]
name = "quote"
version = "0.3.15"
source = "registry+https://github.com/rust-lang/crates.io-index"
checksum = "7a6e920b65c65f10b2ae65c831a81a073a89edd28c7cce89475bff467ab4167a"

[[package]]
name = "structure"
version = "0.1.2"
source = "registry+https://github.com/rust-lang/crates.io-index"
checksum = "a8379aeb9cf8935b018b14d9191b15096e984ad8b77424b9bce075ea15d1fa59"
dependencies = [
 "byteorder",
 "proc-macro-hack",
 "structure-macro-impl",
]

[[package]]
name = "structure-macro-impl"
version = "0.1.2"
source = "registry+https://github.com/rust-lang/crates.io-index"
checksum = "e0c0529f2429c8bb5878688fffab7f700087f4bd47906e6acf03fd7361f77aca"
dependencies = [
 "proc-macro-hack",
 "quote",
]
